
Microsoft Visual Studio Solution File, Format Version 12.00
# Visual Studio Version 17
VisualStudioVersion = 17.5.002.0
MinimumVisualStudioVersion = 10.0.40219.1
Project("{9A19103F-16F7-4668-BE54-9A1E7A4F7556}") = "FirstWebAPI", "FirstWebAPI.csproj", "{C50E9BB7-D93A-4FA5-9AFC-FF8CE637572C}"
EndProject
Global
	GlobalSection(SolutionConfigurationPlatforms) = preSolution
		Debug|Any CPU = Debug|Any CPU
		Release|Any CPU = Release|Any CPU
	EndGlobalSection
	GlobalSection(ProjectConfigurationPlatforms) = postSolution
		{C50E9BB7-D93A-4FA5-9AFC-FF8CE637572C}.Debug|Any CPU.ActiveCfg = Debug|Any CPU
		{C50E9BB7-D93A-4FA5-9AFC-FF8CE637572C}.Debug|Any CPU.Build.0 = Debug|Any CPU
		{C50E9BB7-D93A-4FA5-9AFC-FF8CE637572C}.Release|Any CPU.ActiveCfg = Release|Any CPU
		{C50E9BB7-D93A-4FA5-9AFC-FF8CE637572C}.Release|Any CPU.Build.0 = Release|Any CPU
	EndGlobalSection
	GlobalSection(SolutionProperties) = preSolution
		HideSolutionNode = FALSE
	EndGlobalSection
	GlobalSection(ExtensibilityGlobals) = postSolution
		SolutionGuid = {49DF51FE-2E14-416F-AD06-771E3C686C4C}
	EndGlobalSection
EndGlobal
